
Microsoft Visual Studio Solution File, Format Version 12.00
# Visual Studio Version 16
VisualStudioVersion = 16.0.30204.135
MinimumVisualStudioVersion = 10.0.40219.1
Project("{9A19103F-16F7-4668-BE54-9A1E7A4F7556}") = "WebApp", "WebApp\WebApp.csproj", "{C56B0F68-8915-4DF9-8CAC-4F15A170BEA7}"
EndProject
Project("{2150E333-8FDC-42A3-9474-1A3956D46DE8}") = "Solution Items", "Solution Items", "{E86B777A-8065-4B6B-B0A1-E77805AA9ED3}"
	ProjectSection(SolutionItems) = preProject
		README.md = README.md
	EndProjectSection
EndProject
Project("{FAE04EC0-301F-11D3-BF4B-00C04F79EFBC}") = "Data", "Data\Data.csproj", "{264B94F9-DCF6-4EA5-8A26-E1804F12BDB6}"
EndProject
Project("{FAE04EC0-301F-11D3-BF4B-00C04F79EFBC}") = "Services", "Services\Services.csproj", "{549721A9-47A8-48FD-808B-7A5850B13198}"
EndProject
Global
	GlobalSection(SolutionConfigurationPlatforms) = preSolution
		Debug|Any CPU = Debug|Any CPU
		Release|Any CPU = Release|Any CPU
	EndGlobalSection
	GlobalSection(ProjectConfigurationPlatforms) = postSolution
		{C56B0F68-8915-4DF9-8CAC-4F15A170BEA7}.Debug|Any CPU.ActiveCfg = Debug|Any CPU
		{C56B0F68-8915-4DF9-8CAC-4F15A170BEA7}.Debug|Any CPU.Build.0 = Debug|Any CPU
		{C56B0F68-8915-4DF9-8CAC-4F15A170BEA7}.Release|Any CPU.ActiveCfg = Release|Any CPU
		{C56B0F68-8915-4DF9-8CAC-4F15A170BEA7}.Release|Any CPU.Build.0 = Release|Any CPU
		{264B94F9-DCF6-4EA5-8A26-E1804F12BDB6}.Debug|Any CPU.ActiveCfg = Debug|Any CPU
		{264B94F9-DCF6-4EA5-8A26-E1804F12BDB6}.Debug|Any CPU.Build.0 = Debug|Any CPU
		{264B94F9-DCF6-4EA5-8A26-E1804F12BDB6}.Release|Any CPU.ActiveCfg = Release|Any CPU
		{264B94F9-DCF6-4EA5-8A26-E1804F12BDB6}.Release|Any CPU.Build.0 = Release|Any CPU
		{549721A9-47A8-48FD-808B-7A5850B13198}.Debug|Any CPU.ActiveCfg = Debug|Any CPU
		{549721A9-47A8-48FD-808B-7A5850B13198}.Debug|Any CPU.Build.0 = Debug|Any CPU
		{549721A9-47A8-48FD-808B-7A5850B13198}.Release|Any CPU.ActiveCfg = Release|Any CPU
		{549721A9-47A8-48FD-808B-7A5850B13198}.Release|Any CPU.Build.0 = Release|Any CPU
	EndGlobalSection
	GlobalSection(SolutionProperties) = preSolution
		HideSolutionNode = FALSE
	EndGlobalSection
	GlobalSection(ExtensibilityGlobals) = postSolution
		SolutionGuid = {FA7D08D4-A49E-4CF1-9EF0-4A4A87F2FA7D}
	EndGlobalSection
EndGlobal
